// !$*UTF8*$!
{
	archiveVersion = 1;
	classes = {
	};
	objectVersion = 56;
	objects = {

/* Begin PBXBuildFile section */
		78A67AAC2A89BBAB00E690D3 /* GitHubApiDemoApp.swift in Sources */ = {isa = PBXBuildFile; fileRef = 78A67AAB2A89BBAB00E690D3 /* GitHubApiDemoApp.swift */; };
		78A67AB02A89BBAB00E690D3 /* Assets.xcassets in Resources */ = {isa = PBXBuildFile; fileRef = 78A67AAF2A89BBAB00E690D3 /* Assets.xcassets */; };
		78A67AB32A89BBAB00E690D3 /* Preview Assets.xcassets in Resources */ = {isa = PBXBuildFile; fileRef = 78A67AB22A89BBAB00E690D3 /* Preview Assets.xcassets */; };
		78A67ABD2A89BBAB00E690D3 /* GitHubApiDemoTests.swift in Sources */ = {isa = PBXBuildFile; fileRef = 78A67ABC2A89BBAB00E690D3 /* GitHubApiDemoTests.swift */; };
		78A67AC72A89BBAB00E690D3 /* GitHubApiDemoUITests.swift in Sources */ = {isa = PBXBuildFile; fileRef = 78A67AC62A89BBAB00E690D3 /* GitHubApiDemoUITests.swift */; };
		78A67AC92A89BBAB00E690D3 /* GitHubApiDemoUITestsLaunchTests.swift in Sources */ = {isa = PBXBuildFile; fileRef = 78A67AC82A89BBAB00E690D3 /* GitHubApiDemoUITestsLaunchTests.swift */; };
		78A67AD62A89D39100E690D3 /* SearchUsersView.swift in Sources */ = {isa = PBXBuildFile; fileRef = 78A67AD52A89D39100E690D3 /* SearchUsersView.swift */; };
		78A67ADC2A89D3F000E690D3 /* AvatarImageView.swift in Sources */ = {isa = PBXBuildFile; fileRef = 78A67ADB2A89D3F000E690D3 /* AvatarImageView.swift */; };
		78A67ADE2A89D42B00E690D3 /* ErrorView.swift in Sources */ = {isa = PBXBuildFile; fileRef = 78A67ADD2A89D42B00E690D3 /* ErrorView.swift */; };
		78A67AE22A89D4F000E690D3 /* AppError.swift in Sources */ = {isa = PBXBuildFile; fileRef = 78A67AE12A89D4F000E690D3 /* AppError.swift */; };
		78A67AE42A89D50300E690D3 /* SearchItem.swift in Sources */ = {isa = PBXBuildFile; fileRef = 78A67AE32A89D50300E690D3 /* SearchItem.swift */; };
		78A67AE62A89D53300E690D3 /* UserDetailViewModel.swift in Sources */ = {isa = PBXBuildFile; fileRef = 78A67AE52A89D53300E690D3 /* UserDetailViewModel.swift */; };
		78A67AE82A89D55000E690D3 /* SearchUsersViewModel.swift in Sources */ = {isa = PBXBuildFile; fileRef = 78A67AE72A89D55000E690D3 /* SearchUsersViewModel.swift */; };
		78A67AEA2A89D57400E690D3 /* UserDetailView.swift in Sources */ = {isa = PBXBuildFile; fileRef = 78A67AE92A89D57400E690D3 /* UserDetailView.swift */; };
		78A67AEC2A89DAF000E690D3 /* UserDetail.swift in Sources */ = {isa = PBXBuildFile; fileRef = 78A67AEB2A89DAF000E690D3 /* UserDetail.swift */; };
		78A67AEE2A89E52600E690D3 /* LoadingView.swift in Sources */ = {isa = PBXBuildFile; fileRef = 78A67AED2A89E52600E690D3 /* LoadingView.swift */; };
		78A67AF12A89E57600E690D3 /* Color.swift in Sources */ = {isa = PBXBuildFile; fileRef = 78A67AF02A89E57600E690D3 /* Color.swift */; };
		78A67AF32A89FF7500E690D3 /* ReposDetailViewModel.swift in Sources */ = {isa = PBXBuildFile; fileRef = 78A67AF22A89FF7500E690D3 /* ReposDetailViewModel.swift */; };
		78A67AF52A89FFA800E690D3 /* ReposDetail.swift in Sources */ = {isa = PBXBuildFile; fileRef = 78A67AF42A89FFA800E690D3 /* ReposDetail.swift */; };
		78A67AF92A8A372000E690D3 /* HttpRequest.swift in Sources */ = {isa = PBXBuildFile; fileRef = 78A67AF82A8A372000E690D3 /* HttpRequest.swift */; };
		78A67AFB2A8A3FA200E690D3 /* UsedWords.swift in Sources */ = {isa = PBXBuildFile; fileRef = 78A67AFA2A8A3FA200E690D3 /* UsedWords.swift */; };
/* End PBXBuildFile section */

/* Begin PBXContainerItemProxy section */
		78A67AB92A89BBAB00E690D3 /* PBXContainerItemProxy */ = {
			isa = PBXContainerItemProxy;
			containerPortal = 78A67AA02A89BBAA00E690D3 /* Project object */;
			proxyType = 1;
			remoteGlobalIDString = 78A67AA72A89BBAB00E690D3;
			remoteInfo = GitHubApiDemo;
		};
		78A67AC32A89BBAB00E690D3 /* PBXContainerItemProxy */ = {
			isa = PBXContainerItemProxy;
			containerPortal = 78A67AA02A89BBAA00E690D3 /* Project object */;
			proxyType = 1;
			remoteGlobalIDString = 78A67AA72A89BBAB00E690D3;
			remoteInfo = GitHubApiDemo;
		};
/* End PBXContainerItemProxy section */

/* Begin PBXFileReference section */
		78A67AA82A89BBAB00E690D3 /* GitHubApiDemo.app */ = {isa = PBXFileReference; explicitFileType = wrapper.application; includeInIndex = 0; path = GitHubApiDemo.app; sourceTree = BUILT_PRODUCTS_DIR; };
		78A67AAB2A89BBAB00E690D3 /* GitHubApiDemoApp.swift */ = {isa = PBXFileReference; lastKnownFileType = sourcecode.swift; path = GitHubApiDemoApp.swift; sourceTree = "<group>"; };
		78A67AAF2A89BBAB00E690D3 /* Assets.xcassets */ = {isa = PBXFileReference; lastKnownFileType = folder.assetcatalog; path = Assets.xcassets; sourceTree = "<group>"; };
		78A67AB22A89BBAB00E690D3 /* Preview Assets.xcassets */ = {isa = PBXFileReference; lastKnownFileType = folder.assetcatalog; path = "Preview Assets.xcassets"; sourceTree = "<group>"; };
		78A67AB82A89BBAB00E690D3 /* GitHubApiDemoTests.xctest */ = {isa = PBXFileReference; explicitFileType = wrapper.cfbundle; includeInIndex = 0; path = GitHubApiDemoTests.xctest; sourceTree = BUILT_PRODUCTS_DIR; };
		78A67ABC2A89BBAB00E690D3 /* GitHubApiDemoTests.swift */ = {isa = PBXFileReference; lastKnownFileType = sourcecode.swift; path = GitHubApiDemoTests.swift; sourceTree = "<group>"; };
		78A67AC22A89BBAB00E690D3 /* GitHubApiDemoUITests.xctest */ = {isa = PBXFileReference; explicitFileType = wrapper.cfbundle; includeInIndex = 0; path = GitHubApiDemoUITests.xctest; sourceTree = BUILT_PRODUCTS_DIR; };
		78A67AC62A89BBAB00E690D3 /* GitHubApiDemoUITests.swift */ = {isa = PBXFileReference; lastKnownFileType = sourcecode.swift; path = GitHubApiDemoUITests.swift; sourceTree = "<group>"; };
		78A67AC82A89BBAB00E690D3 /* GitHubApiDemoUITestsLaunchTests.swift */ = {isa = PBXFileReference; lastKnownFileType = sourcecode.swift; path = GitHubApiDemoUITestsLaunchTests.swift; sourceTree = "<group>"; };
		78A67AD52A89D39100E690D3 /* SearchUsersView.swift */ = {isa = PBXFileReference; lastKnownFileType = sourcecode.swift; path = SearchUsersView.swift; sourceTree = "<group>"; };
		78A67ADB2A89D3F000E690D3 /* AvatarImageView.swift */ = {isa = PBXFileReference; lastKnownFileType = sourcecode.swift; path = AvatarImageView.swift; sourceTree = "<group>"; };
		78A67ADD2A89D42B00E690D3 /* ErrorView.swift */ = {isa = PBXFileReference; lastKnownFileType = sourcecode.swift; path = ErrorView.swift; sourceTree = "<group>"; };
		78A67AE12A89D4F000E690D3 /* AppError.swift */ = {isa = PBXFileReference; lastKnownFileType = sourcecode.swift; path = AppError.swift; sourceTree = "<group>"; };
		78A67AE32A89D50300E690D3 /* SearchItem.swift */ = {isa = PBXFileReference; lastKnownFileType = sourcecode.swift; path = SearchItem.swift; sourceTree = "<group>"; };
		78A67AE52A89D53300E690D3 /* UserDetailViewModel.swift */ = {isa = PBXFileReference; lastKnownFileType = sourcecode.swift; path = UserDetailViewModel.swift; sourceTree = "<group>"; };
		78A67AE72A89D55000E690D3 /* SearchUsersViewModel.swift */ = {isa = PBXFileReference; lastKnownFileType = sourcecode.swift; path = SearchUsersViewModel.swift; sourceTree = "<group>"; };
		78A67AE92A89D57400E690D3 /* UserDetailView.swift */ = {isa = PBXFileReference; lastKnownFileType = sourcecode.swift; path = UserDetailView.swift; sourceTree = "<group>"; };
		78A67AEB2A89DAF000E690D3 /* UserDetail.swift */ = {isa = PBXFileReference; lastKnownFileType = sourcecode.swift; path = UserDetail.swift; sourceTree = "<group>"; };
		78A67AED2A89E52600E690D3 /* LoadingView.swift */ = {isa = PBXFileReference; lastKnownFileType = sourcecode.swift; path = LoadingView.swift; sourceTree = "<group>"; };
		78A67AF02A89E57600E690D3 /* Color.swift */ = {isa = PBXFileReference; lastKnownFileType = sourcecode.swift; path = Color.swift; sourceTree = "<group>"; };
		78A67AF22A89FF7500E690D3 /* ReposDetailViewModel.swift */ = {isa = PBXFileReference; lastKnownFileType = sourcecode.swift; path = ReposDetailViewModel.swift; sourceTree = "<group>"; };
		78A67AF42A89FFA800E690D3 /* ReposDetail.swift */ = {isa = PBXFileReference; lastKnownFileType = sourcecode.swift; path = ReposDetail.swift; sourceTree = "<group>"; };
		78A67AF82A8A372000E690D3 /* HttpRequest.swift */ = {isa = PBXFileReference; lastKnownFileType = sourcecode.swift; path = HttpRequest.swift; sourceTree = "<group>"; };
		78A67AFA2A8A3FA200E690D3 /* UsedWords.swift */ = {isa = PBXFileReference; lastKnownFileType = sourcecode.swift; path = UsedWords.swift; sourceTree = "<group>"; };
/* End PBXFileReference section */

/* Begin PBXFrameworksBuildPhase section */
		78A67AA52A89BBAB00E690D3 /* Frameworks */ = {
			isa = PBXFrameworksBuildPhase;
			buildActionMask = 2147483647;
			files = (
			);
			runOnlyForDeploymentPostprocessing = 0;
		};
		78A67AB52A89BBAB00E690D3 /* Frameworks */ = {
			isa = PBXFrameworksBuildPhase;
			buildActionMask = 2147483647;
			files = (
			);
			runOnlyForDeploymentPostprocessing = 0;
		};
		78A67ABF2A89BBAB00E690D3 /* Frameworks */ = {
			isa = PBXFrameworksBuildPhase;
			buildActionMask = 2147483647;
			files = (
			);
			runOnlyForDeploymentPostprocessing = 0;
		};
/* End PBXFrameworksBuildPhase section */

/* Begin PBXGroup section */
		78A67A9F2A89BBAA00E690D3 = {
			isa = PBXGroup;
			children = (
				78A67AAA2A89BBAB00E690D3 /* GitHubApiDemo */,
				78A67ABB2A89BBAB00E690D3 /* GitHubApiDemoTests */,
				78A67AC52A89BBAB00E690D3 /* GitHubApiDemoUITests */,
				78A67AA92A89BBAB00E690D3 /* Products */,
			);
			sourceTree = "<group>";
		};
		78A67AA92A89BBAB00E690D3 /* Products */ = {
			isa = PBXGroup;
			children = (
				78A67AA82A89BBAB00E690D3 /* GitHubApiDemo.app */,
				78A67AB82A89BBAB00E690D3 /* GitHubApiDemoTests.xctest */,
				78A67AC22A89BBAB00E690D3 /* GitHubApiDemoUITests.xctest */,
			);
			name = Products;
			sourceTree = "<group>";
		};
		78A67AAA2A89BBAB00E690D3 /* GitHubApiDemo */ = {
			isa = PBXGroup;
			children = (
				78A67AEF2A89E56100E690D3 /* Extension */,
				78A67ADA2A89D3BF00E690D3 /* Component */,
				78A67AD92A89D3B900E690D3 /* Model */,
				78A67AD82A89D3B100E690D3 /* ViewModel */,
				78A67AD72A89D3A700E690D3 /* View */,
				78A67AAB2A89BBAB00E690D3 /* GitHubApiDemoApp.swift */,
				78A67AAF2A89BBAB00E690D3 /* Assets.xcassets */,
				78A67AB12A89BBAB00E690D3 /* Preview Content */,
			);
			path = GitHubApiDemo;
			sourceTree = "<group>";
		};
		78A67AB12A89BBAB00E690D3 /* Preview Content */ = {
			isa = PBXGroup;
			children = (
				78A67AB22A89BBAB00E690D3 /* Preview Assets.xcassets */,
			);
			path = "Preview Content";
			sourceTree = "<group>";
		};
		78A67ABB2A89BBAB00E690D3 /* GitHubApiDemoTests */ = {
			isa = PBXGroup;
			children = (
				78A67ABC2A89BBAB00E690D3 /* GitHubApiDemoTests.swift */,
			);
			path = GitHubApiDemoTests;
			sourceTree = "<group>";
		};
		78A67AC52A89BBAB00E690D3 /* GitHubApiDemoUITests */ = {
			isa = PBXGroup;
			children = (
				78A67AC62A89BBAB00E690D3 /* GitHubApiDemoUITests.swift */,
				78A67AC82A89BBAB00E690D3 /* GitHubApiDemoUITestsLaunchTests.swift */,
			);
			path = GitHubApiDemoUITests;
			sourceTree = "<group>";
		};
		78A67AD72A89D3A700E690D3 /* View */ = {
			isa = PBXGroup;
			children = (
				78A67AD52A89D39100E690D3 /* SearchUsersView.swift */,
				78A67AE92A89D57400E690D3 /* UserDetailView.swift */,
			);
			path = View;
			sourceTree = "<group>";
		};
		78A67AD82A89D3B100E690D3 /* ViewModel */ = {
			isa = PBXGroup;
			children = (
				78A67AE72A89D55000E690D3 /* SearchUsersViewModel.swift */,
				78A67AE52A89D53300E690D3 /* UserDetailViewModel.swift */,
				78A67AF22A89FF7500E690D3 /* ReposDetailViewModel.swift */,
			);
			path = ViewModel;
			sourceTree = "<group>";
		};
		78A67AD92A89D3B900E690D3 /* Model */ = {
			isa = PBXGroup;
			children = (
				78A67AE32A89D50300E690D3 /* SearchItem.swift */,
				78A67AEB2A89DAF000E690D3 /* UserDetail.swift */,
				78A67AF42A89FFA800E690D3 /* ReposDetail.swift */,
				78A67AE12A89D4F000E690D3 /* AppError.swift */,
				78A67AF82A8A372000E690D3 /* HttpRequest.swift */,
			);
			path = Model;
			sourceTree = "<group>";
		};
		78A67ADA2A89D3BF00E690D3 /* Component */ = {
			isa = PBXGroup;
			children = (
				78A67ADB2A89D3F000E690D3 /* AvatarImageView.swift */,
				78A67ADD2A89D42B00E690D3 /* ErrorView.swift */,
				78A67AED2A89E52600E690D3 /* LoadingView.swift */,
				78A67AFA2A8A3FA200E690D3 /* UsedWords.swift */,
			);
			path = Component;
			sourceTree = "<group>";
		};
		78A67AEF2A89E56100E690D3 /* Extension */ = {
			isa = PBXGroup;
			children = (
				78A67AF02A89E57600E690D3 /* Color.swift */,
			);
			path = Extension;
			sourceTree = "<group>";
		};
/* End PBXGroup section */

/* Begin PBXNativeTarget section */
		78A67AA72A89BBAB00E690D3 /* GitHubApiDemo */ = {
			isa = PBXNativeTarget;
			buildConfigurationList = 78A67ACC2A89BBAB00E690D3 /* Build configuration list for PBXNativeTarget "GitHubApiDemo" */;
			buildPhases = (
				78A67AA42A89BBAB00E690D3 /* Sources */,
				78A67AA52A89BBAB00E690D3 /* Frameworks */,
				78A67AA62A89BBAB00E690D3 /* Resources */,
			);
			buildRules = (
			);
			dependencies = (
			);
			name = GitHubApiDemo;
			packageProductDependencies = (
			);
			productName = GitHubApiDemo;
			productReference = 78A67AA82A89BBAB00E690D3 /* GitHubApiDemo.app */;
			productType = "com.apple.product-type.application";
		};
		78A67AB72A89BBAB00E690D3 /* GitHubApiDemoTests */ = {
			isa = PBXNativeTarget;
			buildConfigurationList = 78A67ACF2A89BBAB00E690D3 /* Build configuration list for PBXNativeTarget "GitHubApiDemoTests" */;
			buildPhases = (
				78A67AB42A89BBAB00E690D3 /* Sources */,
				78A67AB52A89BBAB00E690D3 /* Frameworks */,
				78A67AB62A89BBAB00E690D3 /* Resources */,
			);
			buildRules = (
			);
			dependencies = (
				78A67ABA2A89BBAB00E690D3 /* PBXTargetDependency */,
			);
			name = GitHubApiDemoTests;
			productName = GitHubApiDemoTests;
			productReference = 78A67AB82A89BBAB00E690D3 /* GitHubApiDemoTests.xctest */;
			productType = "com.apple.product-type.bundle.unit-test";
		};
		78A67AC12A89BBAB00E690D3 /* GitHubApiDemoUITests */ = {
			isa = PBXNativeTarget;
			buildConfigurationList = 78A67AD22A89BBAB00E690D3 /* Build configuration list for PBXNativeTarget "GitHubApiDemoUITests" */;
			buildPhases = (
				78A67ABE2A89BBAB00E690D3 /* Sources */,
				78A67ABF2A89BBAB00E690D3 /* Frameworks */,
				78A67AC02A89BBAB00E690D3 /* Resources */,
			);
			buildRules = (
			);
			dependencies = (
				78A67AC42A89BBAB00E690D3 /* PBXTargetDependency */,
			);
			name = GitHubApiDemoUITests;
			productName = GitHubApiDemoUITests;
			productReference = 78A67AC22A89BBAB00E690D3 /* GitHubApiDemoUITests.xctest */;
			productType = "com.apple.product-type.bundle.ui-testing";
		};
/* End PBXNativeTarget section */

/* Begin PBXProject section */
		78A67AA02A89BBAA00E690D3 /* Project object */ = {
			isa = PBXProject;
			attributes = {
				BuildIndependentTargetsInParallel = 1;
				LastSwiftUpdateCheck = 1420;
				LastUpgradeCheck = 1420;
				TargetAttributes = {
					78A67AA72A89BBAB00E690D3 = {
						CreatedOnToolsVersion = 14.2;
					};
					78A67AB72A89BBAB00E690D3 = {
						CreatedOnToolsVersion = 14.2;
						TestTargetID = 78A67AA72A89BBAB00E690D3;
					};
					78A67AC12A89BBAB00E690D3 = {
						CreatedOnToolsVersion = 14.2;
						TestTargetID = 78A67AA72A89BBAB00E690D3;
					};
				};
			};
			buildConfigurationList = 78A67AA32A89BBAA00E690D3 /* Build configuration list for PBXProject "GitHubApiDemo" */;
			compatibilityVersion = "Xcode 14.0";
			developmentRegion = en;
			hasScannedForEncodings = 0;
			knownRegions = (
				en,
				Base,
			);
			mainGroup = 78A67A9F2A89BBAA00E690D3;
			packageReferences = (
			);
			productRefGroup = 78A67AA92A89BBAB00E690D3 /* Products */;
			projectDirPath = "";
			projectRoot = "";
			targets = (
				78A67AA72A89BBAB00E690D3 /* GitHubApiDemo */,
				78A67AB72A89BBAB00E690D3 /* GitHubApiDemoTests */,
				78A67AC12A89BBAB00E690D3 /* GitHubApiDemoUITests */,
			);
		};
/* End PBXProject section */

/* Begin PBXResourcesBuildPhase section */
		78A67AA62A89BBAB00E690D3 /* Resources */ = {
			isa = PBXResourcesBuildPhase;
			buildActionMask = 2147483647;
			files = (
				78A67AB32A89BBAB00E690D3 /* Preview Assets.xcassets in Resources */,
				78A67AB02A89BBAB00E690D3 /* Assets.xcassets in Resources */,
			);
			runOnlyForDeploymentPostprocessing = 0;
		};
		78A67AB62A89BBAB00E690D3 /* Resources */ = {
			isa = PBXResourcesBuildPhase;
			buildActionMask = 2147483647;
			files = (
			);
			runOnlyForDeploymentPostprocessing = 0;
		};
		78A67AC02A89BBAB00E690D3 /* Resources */ = {
			isa = PBXResourcesBuildPhase;
			buildActionMask = 2147483647;
			files = (
			);
			runOnlyForDeploymentPostprocessing = 0;
		};
/* End PBXResourcesBuildPhase section */

/* Begin PBXSourcesBuildPhase section */
		78A67AA42A89BBAB00E690D3 /* Sources */ = {
			isa = PBXSourcesBuildPhase;
			buildActionMask = 2147483647;
			files = (
				78A67ADC2A89D3F000E690D3 /* AvatarImageView.swift in Sources */,
				78A67AD62A89D39100E690D3 /* SearchUsersView.swift in Sources */,
				78A67AF52A89FFA800E690D3 /* ReposDetail.swift in Sources */,
				78A67AE62A89D53300E690D3 /* UserDetailViewModel.swift in Sources */,
				78A67AF32A89FF7500E690D3 /* ReposDetailViewModel.swift in Sources */,
				78A67AEE2A89E52600E690D3 /* LoadingView.swift in Sources */,
				78A67AE22A89D4F000E690D3 /* AppError.swift in Sources */,
				78A67AF12A89E57600E690D3 /* Color.swift in Sources */,
				78A67AAC2A89BBAB00E690D3 /* GitHubApiDemoApp.swift in Sources */,
				78A67AE42A89D50300E690D3 /* SearchItem.swift in Sources */,
				78A67AFB2A8A3FA200E690D3 /* UsedWords.swift in Sources */,
				78A67ADE2A89D42B00E690D3 /* ErrorView.swift in Sources */,
				78A67AF92A8A372000E690D3 /* HttpRequest.swift in Sources */,
				78A67AEA2A89D57400E690D3 /* UserDetailView.swift in Sources */,
				78A67AE82A89D55000E690D3 /* SearchUsersViewModel.swift in Sources */,
				78A67AEC2A89DAF000E690D3 /* UserDetail.swift in Sources */,
			);
			runOnlyForDeploymentPostprocessing = 0;
		};
		78A67AB42A89BBAB00E690D3 /* Sources */ = {
			isa = PBXSourcesBuildPhase;
			buildActionMask = 2147483647;
			files = (
				78A67ABD2A89BBAB00E690D3 /* GitHubApiDemoTests.swift in Sources */,
			);
			runOnlyForDeploymentPostprocessing = 0;
		};
		78A67ABE2A89BBAB00E690D3 /* Sources */ = {
			isa = PBXSourcesBuildPhase;
			buildActionMask = 2147483647;
			files = (
				78A67AC72A89BBAB00E690D3 /* GitHubApiDemoUITests.swift in Sources */,
				78A67AC92A89BBAB00E690D3 /* GitHubApiDemoUITestsLaunchTests.swift in Sources */,
			);
			runOnlyForDeploymentPostprocessing = 0;
		};
/* End PBXSourcesBuildPhase section */

/* Begin PBXTargetDependency section */
		78A67ABA2A89BBAB00E690D3 /* PBXTargetDependency */ = {
			isa = PBXTargetDependency;
			target = 78A67AA72A89BBAB00E690D3 /* GitHubApiDemo */;
			targetProxy = 78A67AB92A89BBAB00E690D3 /* PBXContainerItemProxy */;
		};
		78A67AC42A89BBAB00E690D3 /* PBXTargetDependency */ = {
			isa = PBXTargetDependency;
			target = 78A67AA72A89BBAB00E690D3 /* GitHubApiDemo */;
			targetProxy = 78A67AC32A89BBAB00E690D3 /* PBXContainerItemProxy */;
		};
/* End PBXTargetDependency section */

/* Begin XCBuildConfiguration section */
		78A67ACA2A89BBAB00E690D3 /* Debug */ = {
			isa = XCBuildConfiguration;
			buildSettings = {
				ALWAYS_SEARCH_USER_PATHS = NO;
				CLANG_ANALYZER_NONNULL = YES;
				CLANG_ANALYZER_NUMBER_OBJECT_CONVERSION = YES_AGGRESSIVE;
				CLANG_CXX_LANGUAGE_STANDARD = "gnu++20";
				CLANG_ENABLE_MODULES = YES;
				CLANG_ENABLE_OBJC_ARC = YES;
				CLANG_ENABLE_OBJC_WEAK = YES;
				CLANG_WARN_BLOCK_CAPTURE_AUTORELEASING = YES;
				CLANG_WARN_BOOL_CONVERSION = YES;
				CLANG_WARN_COMMA = YES;
				CLANG_WARN_CONSTANT_CONVERSION = YES;
				CLANG_WARN_DEPRECATED_OBJC_IMPLEMENTATIONS = YES;
				CLANG_WARN_DIRECT_OBJC_ISA_USAGE = YES_ERROR;
				CLANG_WARN_DOCUMENTATION_COMMENTS = YES;
				CLANG_WARN_EMPTY_BODY = YES;
				CLANG_WARN_ENUM_CONVERSION = YES;
				CLANG_WARN_INFINITE_RECURSION = YES;
				CLANG_WARN_INT_CONVERSION = YES;
				CLANG_WARN_NON_LITERAL_NULL_CONVERSION = YES;
				CLANG_WARN_OBJC_IMPLICIT_RETAIN_SELF = YES;
				CLANG_WARN_OBJC_LITERAL_CONVERSION = YES;
				CLANG_WARN_OBJC_ROOT_CLASS = YES_ERROR;
				CLANG_WARN_QUOTED_INCLUDE_IN_FRAMEWORK_HEADER = YES;
				CLANG_WARN_RANGE_LOOP_ANALYSIS = YES;
				CLANG_WARN_STRICT_PROTOTYPES = YES;
				CLANG_WARN_SUSPICIOUS_MOVE = YES;
				CLANG_WARN_UNGUARDED_AVAILABILITY = YES_AGGRESSIVE;
				CLANG_WARN_UNREACHABLE_CODE = YES;
				CLANG_WARN__DUPLICATE_METHOD_MATCH = YES;
				COPY_PHASE_STRIP = NO;
				DEBUG_INFORMATION_FORMAT = dwarf;
				ENABLE_STRICT_OBJC_MSGSEND = YES;
				ENABLE_TESTABILITY = YES;
				GCC_C_LANGUAGE_STANDARD = gnu11;
				GCC_DYNAMIC_NO_PIC = NO;
				GCC_NO_COMMON_BLOCKS = YES;
				GCC_OPTIMIZATION_LEVEL = 0;
				GCC_PREPROCESSOR_DEFINITIONS = (
					"DEBUG=1",
					"$(inherited)",
				);
				GCC_WARN_64_TO_32_BIT_CONVERSION = YES;
				GCC_WARN_ABOUT_RETURN_TYPE = YES_ERROR;
				GCC_WARN_UNDECLARED_SELECTOR = YES;
				GCC_WARN_UNINITIALIZED_AUTOS = YES_AGGRESSIVE;
				GCC_WARN_UNUSED_FUNCTION = YES;
				GCC_WARN_UNUSED_VARIABLE = YES;
				IPHONEOS_DEPLOYMENT_TARGET = 15.0;
				MTL_ENABLE_DEBUG_INFO = INCLUDE_SOURCE;
				MTL_FAST_MATH = YES;
				ONLY_ACTIVE_ARCH = YES;
				SDKROOT = iphoneos;
				SWIFT_ACTIVE_COMPILATION_CONDITIONS = DEBUG;
				SWIFT_OPTIMIZATION_LEVEL = "-Onone";
			};
			name = Debug;
		};
		78A67ACB2A89BBAB00E690D3 /* Release */ = {
			isa = XCBuildConfiguration;
			buildSettings = {
				ALWAYS_SEARCH_USER_PATHS = NO;
				CLANG_ANALYZER_NONNULL = YES;
				CLANG_ANALYZER_NUMBER_OBJECT_CONVERSION = YES_AGGRESSIVE;
				CLANG_CXX_LANGUAGE_STANDARD = "gnu++20";
				CLANG_ENABLE_MODULES = YES;
				CLANG_ENABLE_OBJC_ARC = YES;
				CLANG_ENABLE_OBJC_WEAK = YES;
				CLANG_WARN_BLOCK_CAPTURE_AUTORELEASING = YES;
				CLANG_WARN_BOOL_CONVERSION = YES;
				CLANG_WARN_COMMA = YES;
				CLANG_WARN_CONSTANT_CONVERSION = YES;
				CLANG_WARN_DEPRECATED_OBJC_IMPLEMENTATIONS = YES;
				CLANG_WARN_DIRECT_OBJC_ISA_USAGE = YES_ERROR;
				CLANG_WARN_DOCUMENTATION_COMMENTS = YES;
				CLANG_WARN_EMPTY_BODY = YES;
				CLANG_WARN_ENUM_CONVERSION = YES;
				CLANG_WARN_INFINITE_RECURSION = YES;
				CLANG_WARN_INT_CONVERSION = YES;
				CLANG_WARN_NON_LITERAL_NULL_CONVERSION = YES;
				CLANG_WARN_OBJC_IMPLICIT_RETAIN_SELF = YES;
				CLANG_WARN_OBJC_LITERAL_CONVERSION = YES;
				CLANG_WARN_OBJC_ROOT_CLASS = YES_ERROR;
				CLANG_WARN_QUOTED_INCLUDE_IN_FRAMEWORK_HEADER = YES;
				CLANG_WARN_RANGE_LOOP_ANALYSIS = YES;
				CLANG_WARN_STRICT_PROTOTYPES = YES;
				CLANG_WARN_SUSPICIOUS_MOVE = YES;
				CLANG_WARN_UNGUARDED_AVAILABILITY = YES_AGGRESSIVE;
				CLANG_WARN_UNREACHABLE_CODE = YES;
				CLANG_WARN__DUPLICATE_METHOD_MATCH = YES;
				COPY_PHASE_STRIP = NO;
				DEBUG_INFORMATION_FORMAT = "dwarf-with-dsym";
				ENABLE_NS_ASSERTIONS = NO;
				ENABLE_STRICT_OBJC_MSGSEND = YES;
				GCC_C_LANGUAGE_STANDARD = gnu11;
				GCC_NO_COMMON_BLOCKS = YES;
				GCC_WARN_64_TO_32_BIT_CONVERSION = YES;
				GCC_WARN_ABOUT_RETURN_TYPE = YES_ERROR;
				GCC_WARN_UNDECLARED_SELECTOR = YES;
				GCC_WARN_UNINITIALIZED_AUTOS = YES_AGGRESSIVE;
				GCC_WARN_UNUSED_FUNCTION = YES;
				GCC_WARN_UNUSED_VARIABLE = YES;
				IPHONEOS_DEPLOYMENT_TARGET = 15.0;
				MTL_ENABLE_DEBUG_INFO = NO;
				MTL_FAST_MATH = YES;
				SDKROOT = iphoneos;
				SWIFT_COMPILATION_MODE = wholemodule;
				SWIFT_OPTIMIZATION_LEVEL = "-O";
				VALIDATE_PRODUCT = YES;
			};
			name = Release;
		};
		78A67ACD2A89BBAB00E690D3 /* Debug */ = {
			isa = XCBuildConfiguration;
			buildSettings = {
				ASSETCATALOG_COMPILER_APPICON_NAME = AppIcon;
				ASSETCATALOG_COMPILER_GLOBAL_ACCENT_COLOR_NAME = AccentColor;
				CODE_SIGN_STYLE = Automatic;
				CURRENT_PROJECT_VERSION = 1;
				DEVELOPMENT_ASSET_PATHS = "\"GitHubApiDemo/Preview Content\"";
				DEVELOPMENT_TEAM = L9FV89P3BZ;
				ENABLE_PREVIEWS = YES;
				GENERATE_INFOPLIST_FILE = YES;
				INFOPLIST_KEY_UIApplicationSceneManifest_Generation = YES;
				INFOPLIST_KEY_UIApplicationSupportsIndirectInputEvents = YES;
				INFOPLIST_KEY_UILaunchScreen_Generation = YES;
				INFOPLIST_KEY_UISupportedInterfaceOrientations = UIInterfaceOrientationPortrait;
				INFOPLIST_KEY_UISupportedInterfaceOrientations_iPad = "UIInterfaceOrientationLandscapeLeft UIInterfaceOrientationLandscapeRight UIInterfaceOrientationPortrait UIInterfaceOrientationPortraitUpsideDown";
				LD_RUNPATH_SEARCH_PATHS = (
					"$(inherited)",
					"@executable_path/Frameworks",
				);
				MARKETING_VERSION = 1.0;
				PRODUCT_BUNDLE_IDENTIFIER = com.jack.GitHubApiDemo;
				PRODUCT_NAME = "$(TARGET_NAME)";
				SUPPORTED_PLATFORMS = "iphoneos iphonesimulator";
				SUPPORTS_MACCATALYST = NO;
				SUPPORTS_MAC_DESIGNED_FOR_IPHONE_IPAD = NO;
				SWIFT_EMIT_LOC_STRINGS = YES;
				SWIFT_VERSION = 5.0;
				TARGETED_DEVICE_FAMILY = 1;
			};
			name = Debug;
		};
		78A67ACE2A89BBAB00E690D3 /* Release */ = {
			isa = XCBuildConfiguration;
			buildSettings = {
				ASSETCATALOG_COMPILER_APPICON_NAME = AppIcon;
				ASSETCATALOG_COMPILER_GLOBAL_ACCENT_COLOR_NAME = AccentColor;
				CODE_SIGN_STYLE = Automatic;
				CURRENT_PROJECT_VERSION = 1;
				DEVELOPMENT_ASSET_PATHS = "\"GitHubApiDemo/Preview Content\"";
				DEVELOPMENT_TEAM = L9FV89P3BZ;
				ENABLE_PREVIEWS = YES;
				GENERATE_INFOPLIST_FILE = YES;
				INFOPLIST_KEY_UIApplicationSceneManifest_Generation = YES;
				INFOPLIST_KEY_UIApplicationSupportsIndirectInputEvents = YES;
				INFOPLIST_KEY_UILaunchScreen_Generation = YES;
				INFOPLIST_KEY_UISupportedInterfaceOrientations = UIInterfaceOrientationPortrait;
				INFOPLIST_KEY_UISupportedInterfaceOrientations_iPad = "UIInterfaceOrientationLandscapeLeft UIInterfaceOrientationLandscapeRight UIInterfaceOrientationPortrait UIInterfaceOrientationPortraitUpsideDown";
				LD_RUNPATH_SEARCH_PATHS = (
					"$(inherited)",
					"@executable_path/Frameworks",
				);
				MARKETING_VERSION = 1.0;
				PRODUCT_BUNDLE_IDENTIFIER = com.jack.GitHubApiDemo;
				PRODUCT_NAME = "$(TARGET_NAME)";
				SUPPORTED_PLATFORMS = "iphoneos iphonesimulator";
				SUPPORTS_MACCATALYST = NO;
				SUPPORTS_MAC_DESIGNED_FOR_IPHONE_IPAD = NO;
				SWIFT_EMIT_LOC_STRINGS = YES;
				SWIFT_VERSION = 5.0;
				TARGETED_DEVICE_FAMILY = 1;
			};
			name = Release;
		};
		78A67AD02A89BBAB00E690D3 /* Debug */ = {
			isa = XCBuildConfiguration;
			buildSettings = {
				ALWAYS_EMBED_SWIFT_STANDARD_LIBRARIES = YES;
				BUNDLE_LOADER = "$(TEST_HOST)";
				CODE_SIGN_STYLE = Automatic;
				CURRENT_PROJECT_VERSION = 1;
				DEVELOPMENT_TEAM = L9FV89P3BZ;
				GENERATE_INFOPLIST_FILE = YES;
				IPHONEOS_DEPLOYMENT_TARGET = 16.2;
				MARKETING_VERSION = 1.0;
				PRODUCT_BUNDLE_IDENTIFIER = com.jack.GitHubApiDemoTests;
				PRODUCT_NAME = "$(TARGET_NAME)";
				SWIFT_EMIT_LOC_STRINGS = NO;
				SWIFT_VERSION = 5.0;
				TARGETED_DEVICE_FAMILY = "1,2";
				TEST_HOST = "$(BUILT_PRODUCTS_DIR)/GitHubApiDemo.app/$(BUNDLE_EXECUTABLE_FOLDER_PATH)/GitHubApiDemo";
			};
			name = Debug;
		};
		78A67AD12A89BBAB00E690D3 /* Release */ = {
			isa = XCBuildConfiguration;
			buildSettings = {
				ALWAYS_EMBED_SWIFT_STANDARD_LIBRARIES = YES;
				BUNDLE_LOADER = "$(TEST_HOST)";
				CODE_SIGN_STYLE = Automatic;
				CURRENT_PROJECT_VERSION = 1;
				DEVELOPMENT_TEAM = L9FV89P3BZ;
				GENERATE_INFOPLIST_FILE = YES;
				IPHONEOS_DEPLOYMENT_TARGET = 16.2;
				MARKETING_VERSION = 1.0;
				PRODUCT_BUNDLE_IDENTIFIER = com.jack.GitHubApiDemoTests;
				PRODUCT_NAME = "$(TARGET_NAME)";
				SWIFT_EMIT_LOC_STRINGS = NO;
				SWIFT_VERSION = 5.0;
				TARGETED_DEVICE_FAMILY = "1,2";
				TEST_HOST = "$(BUILT_PRODUCTS_DIR)/GitHubApiDemo.app/$(BUNDLE_EXECUTABLE_FOLDER_PATH)/GitHubApiDemo";
			};
			name = Release;
		};
		78A67AD32A89BBAB00E690D3 /* Debug */ = {
			isa = XCBuildConfiguration;
			buildSettings = {
				ALWAYS_EMBED_SWIFT_STANDARD_LIBRARIES = YES;
				CODE_SIGN_STYLE = Automatic;
				CURRENT_PROJECT_VERSION = 1;
				DEVELOPMENT_TEAM = L9FV89P3BZ;
				GENERATE_INFOPLIST_FILE = YES;
				MARKETING_VERSION = 1.0;
				PRODUCT_BUNDLE_IDENTIFIER = com.jack.GitHubApiDemoUITests;
				PRODUCT_NAME = "$(TARGET_NAME)";
				SWIFT_EMIT_LOC_STRINGS = NO;
				SWIFT_VERSION = 5.0;
				TARGETED_DEVICE_FAMILY = "1,2";
				TEST_TARGET_NAME = GitHubApiDemo;
			};
			name = Debug;
		};
		78A67AD42A89BBAB00E690D3 /* Release */ = {
			isa = XCBuildConfiguration;
			buildSettings = {
				ALWAYS_EMBED_SWIFT_STANDARD_LIBRARIES = YES;
				CODE_SIGN_STYLE = Automatic;
				CURRENT_PROJECT_VERSION = 1;
				DEVELOPMENT_TEAM = L9FV89P3BZ;
				GENERATE_INFOPLIST_FILE = YES;
				MARKETING_VERSION = 1.0;
				PRODUCT_BUNDLE_IDENTIFIER = com.jack.GitHubApiDemoUITests;
				PRODUCT_NAME = "$(TARGET_NAME)";
				SWIFT_EMIT_LOC_STRINGS = NO;
				SWIFT_VERSION = 5.0;
				TARGETED_DEVICE_FAMILY = "1,2";
				TEST_TARGET_NAME = GitHubApiDemo;
			};
			name = Release;
		};
/* End XCBuildConfiguration section */

/* Begin XCConfigurationList section */
		78A67AA32A89BBAA00E690D3 /* Build configuration list for PBXProject "GitHubApiDemo" */ = {
			isa = XCConfigurationList;
			buildConfigurations = (
				78A67ACA2A89BBAB00E690D3 /* Debug */,
				78A67ACB2A89BBAB00E690D3 /* Release */,
			);
			defaultConfigurationIsVisible = 0;
			defaultConfigurationName = Release;
		};
		78A67ACC2A89BBAB00E690D3 /* Build configuration list for PBXNativeTarget "GitHubApiDemo" */ = {
			isa = XCConfigurationList;
			buildConfigurations = (
				78A67ACD2A89BBAB00E690D3 /* Debug */,
				78A67ACE2A89BBAB00E690D3 /* Release */,
			);
			defaultConfigurationIsVisible = 0;
			defaultConfigurationName = Release;
		};
		78A67ACF2A89BBAB00E690D3 /* Build configuration list for PBXNativeTarget "GitHubApiDemoTests" */ = {
			isa = XCConfigurationList;
			buildConfigurations = (
				78A67AD02A89BBAB00E690D3 /* Debug */,
				78A67AD12A89BBAB00E690D3 /* Release */,
			);
			defaultConfigurationIsVisible = 0;
			defaultConfigurationName = Release;
		};
		78A67AD22A89BBAB00E690D3 /* Build configuration list for PBXNativeTarget "GitHubApiDemoUITests" */ = {
			isa = XCConfigurationList;
			buildConfigurations = (
				78A67AD32A89BBAB00E690D3 /* Debug */,
				78A67AD42A89BBAB00E690D3 /* Release */,
			);
			defaultConfigurationIsVisible = 0;
			defaultConfigurationName = Release;
		};
/* End XCConfigurationList section */
	};
	rootObject = 78A67AA02A89BBAA00E690D3 /* Project object */;
}
